{
  "requires": true,
  "lockfileVersion": 1,
  "dependencies": {
    "smart-webcomponents": {
      "version": "7.7.1",
      "resolved": "https://registry.npmjs.org/smart-webcomponents/-/smart-webcomponents-7.7.1.tgz",
      "integrity": "sha512-k1TVR708xLjNc5yuooOx1R8pSvNm4kjt707yarDwbooSso+yNF0n2QTM/zkqugcFCfs9DurnSy9vzR3SsFBscg=="
    }
  }
}
